
Microsoft Visual Studio Solution File, Format Version 12.00
# Visual Studio Version 17
VisualStudioVersion = 17.13.35818.85 d17.13
MinimumVisualStudioVersion = 10.0.40219.1
Project("{54A90642-561A-4BB1-A94E-469ADEE60C69}") = "admindash-task.client", "admindash-task.client\admindash-task.client.esproj", "{FF232A33-1E21-F9F2-D61B-9A7BF4BDDF4C}"
EndProject
Project("{FAE04EC0-301F-11D3-BF4B-00C04F79EFBC}") = "AdminDash-task.Server", "AdminDash-task.Server\AdminDash-task.Server.csproj", "{226018B2-56CB-4197-BB05-77AC08709B77}"
EndProject
Global
	GlobalSection(SolutionConfigurationPlatforms) = preSolution
		Debug|Any CPU = Debug|Any CPU
		Release|Any CPU = Release|Any CPU
	EndGlobalSection
	GlobalSection(ProjectConfigurationPlatforms) = postSolution
		{FF232A33-1E21-F9F2-D61B-9A7BF4BDDF4C}.Debug|Any CPU.ActiveCfg = Debug|Any CPU
		{FF232A33-1E21-F9F2-D61B-9A7BF4BDDF4C}.Debug|Any CPU.Build.0 = Debug|Any CPU
		{FF232A33-1E21-F9F2-D61B-9A7BF4BDDF4C}.Debug|Any CPU.Deploy.0 = Debug|Any CPU
		{FF232A33-1E21-F9F2-D61B-9A7BF4BDDF4C}.Release|Any CPU.ActiveCfg = Release|Any CPU
		{FF232A33-1E21-F9F2-D61B-9A7BF4BDDF4C}.Release|Any CPU.Build.0 = Release|Any CPU
		{FF232A33-1E21-F9F2-D61B-9A7BF4BDDF4C}.Release|Any CPU.Deploy.0 = Release|Any CPU
		{226018B2-56CB-4197-BB05-77AC08709B77}.Debug|Any CPU.ActiveCfg = Debug|Any CPU
		{226018B2-56CB-4197-BB05-77AC08709B77}.Debug|Any CPU.Build.0 = Debug|Any CPU
		{226018B2-56CB-4197-BB05-77AC08709B77}.Release|Any CPU.ActiveCfg = Release|Any CPU
		{226018B2-56CB-4197-BB05-77AC08709B77}.Release|Any CPU.Build.0 = Release|Any CPU
	EndGlobalSection
	GlobalSection(SolutionProperties) = preSolution
		HideSolutionNode = FALSE
	EndGlobalSection
	GlobalSection(ExtensibilityGlobals) = postSolution
		SolutionGuid = {A2BD63B3-C249-4D14-B18F-3C55AB3DAEE6}
	EndGlobalSection
EndGlobal
