
Microsoft Visual Studio Solution File, Format Version 12.00
# Visual Studio Version 17
VisualStudioVersion = 17.13.35818.85 d17.13
MinimumVisualStudioVersion = 10.0.40219.1
Project("{FAE04EC0-301F-11D3-BF4B-00C04F79EFBC}") = "MasterPiece", "MasterPiece\MasterPiece.csproj", "{D048F6AE-1BE1-4E5B-8B38-296F4F735DEB}"
EndProject
Global
	GlobalSection(SolutionConfigurationPlatforms) = preSolution
		Debug|Any CPU = Debug|Any CPU
		Release|Any CPU = Release|Any CPU
	EndGlobalSection
	GlobalSection(ProjectConfigurationPlatforms) = postSolution
		{D048F6AE-1BE1-4E5B-8B38-296F4F735DEB}.Debug|Any CPU.ActiveCfg = Debug|Any CPU
		{D048F6AE-1BE1-4E5B-8B38-296F4F735DEB}.Debug|Any CPU.Build.0 = Debug|Any CPU
		{D048F6AE-1BE1-4E5B-8B38-296F4F735DEB}.Release|Any CPU.ActiveCfg = Release|Any CPU
		{D048F6AE-1BE1-4E5B-8B38-296F4F735DEB}.Release|Any CPU.Build.0 = Release|Any CPU
	EndGlobalSection
	GlobalSection(SolutionProperties) = preSolution
		HideSolutionNode = FALSE
	EndGlobalSection
	GlobalSection(ExtensibilityGlobals) = postSolution
		SolutionGuid = {BC98C3EB-6A08-4EE7-A625-49443344350D}
	EndGlobalSection
EndGlobal
