
Microsoft Visual Studio Solution File, Format Version 12.00
# Visual Studio Version 17
VisualStudioVersion = 17.13.35818.85 d17.13
MinimumVisualStudioVersion = 10.0.40219.1
Project("{54A90642-561A-4BB1-A94E-469ADEE60C69}") = "task4-post.client", "task4-post.client\task4-post.client.esproj", "{ED66C047-D8C7-2477-240B-599AE66DD0F9}"
EndProject
Project("{FAE04EC0-301F-11D3-BF4B-00C04F79EFBC}") = "task4-post.Server", "task4-post.Server\task4-post.Server.csproj", "{3EC2EAA9-9A8D-4559-9AF9-F4FA9F0E74B8}"
EndProject
Global
	GlobalSection(SolutionConfigurationPlatforms) = preSolution
		Debug|Any CPU = Debug|Any CPU
		Release|Any CPU = Release|Any CPU
	EndGlobalSection
	GlobalSection(ProjectConfigurationPlatforms) = postSolution
		{ED66C047-D8C7-2477-240B-599AE66DD0F9}.Debug|Any CPU.ActiveCfg = Debug|Any CPU
		{ED66C047-D8C7-2477-240B-599AE66DD0F9}.Debug|Any CPU.Build.0 = Debug|Any CPU
		{ED66C047-D8C7-2477-240B-599AE66DD0F9}.Debug|Any CPU.Deploy.0 = Debug|Any CPU
		{ED66C047-D8C7-2477-240B-599AE66DD0F9}.Release|Any CPU.ActiveCfg = Release|Any CPU
		{ED66C047-D8C7-2477-240B-599AE66DD0F9}.Release|Any CPU.Build.0 = Release|Any CPU
		{ED66C047-D8C7-2477-240B-599AE66DD0F9}.Release|Any CPU.Deploy.0 = Release|Any CPU
		{3EC2EAA9-9A8D-4559-9AF9-F4FA9F0E74B8}.Debug|Any CPU.ActiveCfg = Debug|Any CPU
		{3EC2EAA9-9A8D-4559-9AF9-F4FA9F0E74B8}.Debug|Any CPU.Build.0 = Debug|Any CPU
		{3EC2EAA9-9A8D-4559-9AF9-F4FA9F0E74B8}.Release|Any CPU.ActiveCfg = Release|Any CPU
		{3EC2EAA9-9A8D-4559-9AF9-F4FA9F0E74B8}.Release|Any CPU.Build.0 = Release|Any CPU
	EndGlobalSection
	GlobalSection(SolutionProperties) = preSolution
		HideSolutionNode = FALSE
	EndGlobalSection
	GlobalSection(ExtensibilityGlobals) = postSolution
		SolutionGuid = {1E7756CE-12BC-4C27-82EC-F82C8894BF8F}
	EndGlobalSection
EndGlobal
