
Microsoft Visual Studio Solution File, Format Version 12.00
# Visual Studio Version 17
VisualStudioVersion = 17.13.35818.85 d17.13
MinimumVisualStudioVersion = 10.0.40219.1
Project("{54A90642-561A-4BB1-A94E-469ADEE60C69}") = "firstday.client", "firstday.client\firstday.client.esproj", "{9BE91E27-CC04-154A-4BBF-6FF3AF0CAFD2}"
EndProject
Project("{FAE04EC0-301F-11D3-BF4B-00C04F79EFBC}") = "firstDay.Server", "firstDay.Server\firstDay.Server.csproj", "{9F259C52-D4C1-41DA-A03E-620F9C60BED9}"
EndProject
Global
	GlobalSection(SolutionConfigurationPlatforms) = preSolution
		Debug|Any CPU = Debug|Any CPU
		Release|Any CPU = Release|Any CPU
	EndGlobalSection
	GlobalSection(ProjectConfigurationPlatforms) = postSolution
		{9BE91E27-CC04-154A-4BBF-6FF3AF0CAFD2}.Debug|Any CPU.ActiveCfg = Debug|Any CPU
		{9BE91E27-CC04-154A-4BBF-6FF3AF0CAFD2}.Debug|Any CPU.Build.0 = Debug|Any CPU
		{9BE91E27-CC04-154A-4BBF-6FF3AF0CAFD2}.Debug|Any CPU.Deploy.0 = Debug|Any CPU
		{9BE91E27-CC04-154A-4BBF-6FF3AF0CAFD2}.Release|Any CPU.ActiveCfg = Release|Any CPU
		{9BE91E27-CC04-154A-4BBF-6FF3AF0CAFD2}.Release|Any CPU.Build.0 = Release|Any CPU
		{9BE91E27-CC04-154A-4BBF-6FF3AF0CAFD2}.Release|Any CPU.Deploy.0 = Release|Any CPU
		{9F259C52-D4C1-41DA-A03E-620F9C60BED9}.Debug|Any CPU.ActiveCfg = Debug|Any CPU
		{9F259C52-D4C1-41DA-A03E-620F9C60BED9}.Debug|Any CPU.Build.0 = Debug|Any CPU
		{9F259C52-D4C1-41DA-A03E-620F9C60BED9}.Release|Any CPU.ActiveCfg = Release|Any CPU
		{9F259C52-D4C1-41DA-A03E-620F9C60BED9}.Release|Any CPU.Build.0 = Release|Any CPU
	EndGlobalSection
	GlobalSection(SolutionProperties) = preSolution
		HideSolutionNode = FALSE
	EndGlobalSection
	GlobalSection(ExtensibilityGlobals) = postSolution
		SolutionGuid = {11C12C4D-495F-4E14-B236-F4765C96AABE}
	EndGlobalSection
EndGlobal
